
Microsoft Visual Studio Solution File, Format Version 12.00
# Visual Studio Version 16
VisualStudioVersion = 16.0.29306.81
MinimumVisualStudioVersion = 10.0.40219.1
Project("{FAE04EC0-301F-11D3-BF4B-00C04F79EFBC}") = "TestSSLCertificate", "TestSSLCertificate.csproj", "{94C51167-B45D-4FA0-9661-BF7B05C1B025}"
EndProject
Global
	GlobalSection(SolutionConfigurationPlatforms) = preSolution
		Debug|Any CPU = Debug|Any CPU
		Release|Any CPU = Release|Any CPU
	EndGlobalSection
	GlobalSection(ProjectConfigurationPlatforms) = postSolution
		{94C51167-B45D-4FA0-9661-BF7B05C1B025}.Debug|Any CPU.ActiveCfg = Debug|Any CPU
		{94C51167-B45D-4FA0-9661-BF7B05C1B025}.Debug|Any CPU.Build.0 = Debug|Any CPU
		{94C51167-B45D-4FA0-9661-BF7B05C1B025}.Release|Any CPU.ActiveCfg = Release|Any CPU
		{94C51167-B45D-4FA0-9661-BF7B05C1B025}.Release|Any CPU.Build.0 = Release|Any CPU
	EndGlobalSection
	GlobalSection(SolutionProperties) = preSolution
		HideSolutionNode = FALSE
	EndGlobalSection
	GlobalSection(ExtensibilityGlobals) = postSolution
		SolutionGuid = {E57FDB7E-398E-4DF3-A81D-B1CBF0AED48E}
	EndGlobalSection
EndGlobal
